// !$*UTF8*$!
{
	archiveVersion = 1;
	classes = {
	};
	objectVersion = 46;
	objects = {

/* Begin PBXBuildFile section */
		ACA48D911F8CB1A40077796C /* AppDelegate.swift in Sources */ = {isa = PBXBuildFile; fileRef = ACA48D901F8CB1A40077796C /* AppDelegate.swift */; };
		ACA48D991F8CB1A50077796C /* CDBrowser.xcdatamodeld in Sources */ = {isa = PBXBuildFile; fileRef = ACA48D971F8CB1A50077796C /* CDBrowser.xcdatamodeld */; };
		ACA48D9B1F8CB1A50077796C /* Assets.xcassets in Resources */ = {isa = PBXBuildFile; fileRef = ACA48D9A1F8CB1A50077796C /* Assets.xcassets */; };
		ACA48D9E1F8CB1A50077796C /* LaunchScreen.storyboard in Resources */ = {isa = PBXBuildFile; fileRef = ACA48D9C1F8CB1A50077796C /* LaunchScreen.storyboard */; };
		ACFD7BCA1F95F8DF00108BD1 /* Main.storyboard in Resources */ = {isa = PBXBuildFile; fileRef = ACA48D941F8CB1A40077796C /* Main.storyboard */; };
/* End PBXBuildFile section */

/* Begin PBXFileReference section */
		AC99D6B01F95F7BD003901F8 /* ViewController.swift */ = {isa = PBXFileReference; fileEncoding = 4; lastKnownFileType = sourcecode.swift; path = ViewController.swift; sourceTree = "<group>"; };
		ACA48D8D1F8CB1A40077796C /* CDBrowser.app */ = {isa = PBXFileReference; explicitFileType = wrapper.application; includeInIndex = 0; path = CDBrowser.app; sourceTree = BUILT_PRODUCTS_DIR; };
		ACA48D901F8CB1A40077796C /* AppDelegate.swift */ = {isa = PBXFileReference; lastKnownFileType = sourcecode.swift; path = AppDelegate.swift; sourceTree = "<group>"; };
		ACA48D951F8CB1A40077796C /* Base */ = {isa = PBXFileReference; lastKnownFileType = file.storyboard; name = Base; path = Base.lproj/Main.storyboard; sourceTree = "<group>"; };
		ACA48D981F8CB1A50077796C /* CDBrowser.xcdatamodel */ = {isa = PBXFileReference; lastKnownFileType = wrapper.xcdatamodel; path = CDBrowser.xcdatamodel; sourceTree = "<group>"; };
		ACA48D9A1F8CB1A50077796C /* Assets.xcassets */ = {isa = PBXFileReference; lastKnownFileType = folder.assetcatalog; path = Assets.xcassets; sourceTree = "<group>"; };
		ACA48D9D1F8CB1A50077796C /* Base */ = {isa = PBXFileReference; lastKnownFileType = file.storyboard; name = Base; path = Base.lproj/LaunchScreen.storyboard; sourceTree = "<group>"; };
		ACA48D9F1F8CB1A50077796C /* Info.plist */ = {isa = PBXFileReference; lastKnownFileType = text.plist.xml; path = Info.plist; sourceTree = "<group>"; };
/* End PBXFileReference section */

/* Begin PBXFrameworksBuildPhase section */
		ACA48D8A1F8CB1A40077796C /* Frameworks */ = {
			isa = PBXFrameworksBuildPhase;
			buildActionMask = 2147483647;
			files = (
			);
			runOnlyForDeploymentPostprocessing = 0;
		};
/* End PBXFrameworksBuildPhase section */

/* Begin PBXGroup section */
		ACA48D841F8CB1A40077796C = {
			isa = PBXGroup;
			children = (
				ACA48D8F1F8CB1A40077796C /* CDBrowser */,
				ACA48D8E1F8CB1A40077796C /* Products */,
			);
			sourceTree = "<group>";
		};
		ACA48D8E1F8CB1A40077796C /* Products */ = {
			isa = PBXGroup;
			children = (
				ACA48D8D1F8CB1A40077796C /* CDBrowser.app */,
			);
			name = Products;
			sourceTree = "<group>";
		};
		ACA48D8F1F8CB1A40077796C /* CDBrowser */ = {
			isa = PBXGroup;
			children = (
				AC99D6B01F95F7BD003901F8 /* ViewController.swift */,
				ACA48D901F8CB1A40077796C /* AppDelegate.swift */,
				ACA48D941F8CB1A40077796C /* Main.storyboard */,
				ACA48D9A1F8CB1A50077796C /* Assets.xcassets */,
				ACA48D9C1F8CB1A50077796C /* LaunchScreen.storyboard */,
				ACA48D9F1F8CB1A50077796C /* Info.plist */,
				ACA48D971F8CB1A50077796C /* CDBrowser.xcdatamodeld */,
			);
			path = CDBrowser;
			sourceTree = "<group>";
		};
/* End PBXGroup section */

/* Begin PBXNativeTarget section */
		ACA48D8C1F8CB1A40077796C /* CDBrowser */ = {
			isa = PBXNativeTarget;
			buildConfigurationList = ACA48DA21F8CB1A50077796C /* Build configuration list for PBXNativeTarget "CDBrowser" */;
			buildPhases = (
				ACA48D891F8CB1A40077796C /* Sources */,
				ACA48D8A1F8CB1A40077796C /* Frameworks */,
				ACA48D8B1F8CB1A40077796C /* Resources */,
			);
			buildRules = (
			);
			dependencies = (
			);
			name = CDBrowser;
			productName = CDBrowser;
			productReference = ACA48D8D1F8CB1A40077796C /* CDBrowser.app */;
			productType = "com.apple.product-type.application";
		};
/* End PBXNativeTarget section */

/* Begin PBXProject section */
		ACA48D851F8CB1A40077796C /* Project object */ = {
			isa = PBXProject;
			attributes = {
				LastSwiftUpdateCheck = 0820;
				LastUpgradeCheck = 0820;
				ORGANIZATIONNAME = "Użytkownik Gość";
				TargetAttributes = {
					ACA48D8C1F8CB1A40077796C = {
						CreatedOnToolsVersion = 8.2.1;
						ProvisioningStyle = Automatic;
					};
				};
			};
			buildConfigurationList = ACA48D881F8CB1A40077796C /* Build configuration list for PBXProject "CDBrowser" */;
			compatibilityVersion = "Xcode 3.2";
			developmentRegion = English;
			hasScannedForEncodings = 0;
			knownRegions = (
				en,
				Base,
			);
			mainGroup = ACA48D841F8CB1A40077796C;
			productRefGroup = ACA48D8E1F8CB1A40077796C /* Products */;
			projectDirPath = "";
			projectRoot = "";
			targets = (
				ACA48D8C1F8CB1A40077796C /* CDBrowser */,
			);
		};
/* End PBXProject section */

/* Begin PBXResourcesBuildPhase section */
		ACA48D8B1F8CB1A40077796C /* Resources */ = {
			isa = PBXResourcesBuildPhase;
			buildActionMask = 2147483647;
			files = (
				ACFD7BCA1F95F8DF00108BD1 /* Main.storyboard in Resources */,
				ACA48D9E1F8CB1A50077796C /* LaunchScreen.storyboard in Resources */,
				ACA48D9B1F8CB1A50077796C /* Assets.xcassets in Resources */,
			);
			runOnlyForDeploymentPostprocessing = 0;
		};
/* End PBXResourcesBuildPhase section */

/* Begin PBXSourcesBuildPhase section */
		ACA48D891F8CB1A40077796C /* Sources */ = {
			isa = PBXSourcesBuildPhase;
			buildActionMask = 2147483647;
			files = (
				ACA48D991F8CB1A50077796C /* CDBrowser.xcdatamodeld in Sources */,
				ACA48D911F8CB1A40077796C /* AppDelegate.swift in Sources */,
			);
			runOnlyForDeploymentPostprocessing = 0;
		};
/* End PBXSourcesBuildPhase section */

/* Begin PBXVariantGroup section */
		ACA48D941F8CB1A40077796C /* Main.storyboard */ = {
			isa = PBXVariantGroup;
			children = (
				ACA48D951F8CB1A40077796C /* Base */,
			);
			name = Main.storyboard;
			sourceTree = "<group>";
		};
		ACA48D9C1F8CB1A50077796C /* LaunchScreen.storyboard */ = {
			isa = PBXVariantGroup;
			children = (
				ACA48D9D1F8CB1A50077796C /* Base */,
			);
			name = LaunchScreen.storyboard;
			sourceTree = "<group>";
		};
/* End PBXVariantGroup section */

/* Begin XCBuildConfiguration section */
		ACA48DA01F8CB1A50077796C /* Debug */ = {
			isa = XCBuildConfiguration;
			buildSettings = {
				ALWAYS_SEARCH_USER_PATHS = NO;
				CLANG_ANALYZER_NONNULL = YES;
				CLANG_CXX_LANGUAGE_STANDARD = "gnu++0x";
				CLANG_CXX_LIBRARY = "libc++";
				CLANG_ENABLE_MODULES = YES;
				CLANG_ENABLE_OBJC_ARC = YES;
				CLANG_WARN_BOOL_CONVERSION = YES;
				CLANG_WARN_CONSTANT_CONVERSION = YES;
				CLANG_WARN_DIRECT_OBJC_ISA_USAGE = YES_ERROR;
				CLANG_WARN_DOCUMENTATION_COMMENTS = YES;
				CLANG_WARN_EMPTY_BODY = YES;
				CLANG_WARN_ENUM_CONVERSION = YES;
				CLANG_WARN_INFINITE_RECURSION = YES;
				CLANG_WARN_INT_CONVERSION = YES;
				CLANG_WARN_OBJC_ROOT_CLASS = YES_ERROR;
				CLANG_WARN_SUSPICIOUS_MOVE = YES;
				CLANG_WARN_UNREACHABLE_CODE = YES;
				CLANG_WARN__DUPLICATE_METHOD_MATCH = YES;
				"CODE_SIGN_IDENTITY[sdk=iphoneos*]" = "iPhone Developer";
				COPY_PHASE_STRIP = NO;
				DEBUG_INFORMATION_FORMAT = dwarf;
				ENABLE_STRICT_OBJC_MSGSEND = YES;
				ENABLE_TESTABILITY = YES;
				GCC_C_LANGUAGE_STANDARD = gnu99;
				GCC_DYNAMIC_NO_PIC = NO;
				GCC_NO_COMMON_BLOCKS = YES;
				GCC_OPTIMIZATION_LEVEL = 0;
				GCC_PREPROCESSOR_DEFINITIONS = (
					"DEBUG=1",
					"$(inherited)",
				);
				GCC_WARN_64_TO_32_BIT_CONVERSION = YES;
				GCC_WARN_ABOUT_RETURN_TYPE = YES_ERROR;
				GCC_WARN_UNDECLARED_SELECTOR = YES;
				GCC_WARN_UNINITIALIZED_AUTOS = YES_AGGRESSIVE;
				GCC_WARN_UNUSED_FUNCTION = YES;
				GCC_WARN_UNUSED_VARIABLE = YES;
				IPHONEOS_DEPLOYMENT_TARGET = 10.2;
				MTL_ENABLE_DEBUG_INFO = YES;
				ONLY_ACTIVE_ARCH = YES;
				SDKROOT = iphoneos;
				SWIFT_ACTIVE_COMPILATION_CONDITIONS = DEBUG;
				SWIFT_OPTIMIZATION_LEVEL = "-Onone";
				TARGETED_DEVICE_FAMILY = "1,2";
			};
			name = Debug;
		};
		ACA48DA11F8CB1A50077796C /* Release */ = {
			isa = XCBuildConfiguration;
			buildSettings = {
				ALWAYS_SEARCH_USER_PATHS = NO;
				CLANG_ANALYZER_NONNULL = YES;
				CLANG_CXX_LANGUAGE_STANDARD = "gnu++0x";
				CLANG_CXX_LIBRARY = "libc++";
				CLANG_ENABLE_MODULES = YES;
				CLANG_ENABLE_OBJC_ARC = YES;
				CLANG_WARN_BOOL_CONVERSION = YES;
				CLANG_WARN_CONSTANT_CONVERSION = YES;
				CLANG_WARN_DIRECT_OBJC_ISA_USAGE = YES_ERROR;
				CLANG_WARN_DOCUMENTATION_COMMENTS = YES;
				CLANG_WARN_EMPTY_BODY = YES;
				CLANG_WARN_ENUM_CONVERSION = YES;
				CLANG_WARN_INFINITE_RECURSION = YES;
				CLANG_WARN_INT_CONVERSION = YES;
				CLANG_WARN_OBJC_ROOT_CLASS = YES_ERROR;
				CLANG_WARN_SUSPICIOUS_MOVE = YES;
				CLANG_WARN_UNREACHABLE_CODE = YES;
				CLANG_WARN__DUPLICATE_METHOD_MATCH = YES;
				"CODE_SIGN_IDENTITY[sdk=iphoneos*]" = "iPhone Developer";
				COPY_PHASE_STRIP = NO;
				DEBUG_INFORMATION_FORMAT = "dwarf-with-dsym";
				ENABLE_NS_ASSERTIONS = NO;
				ENABLE_STRICT_OBJC_MSGSEND = YES;
				GCC_C_LANGUAGE_STANDARD = gnu99;
				GCC_NO_COMMON_BLOCKS = YES;
				GCC_WARN_64_TO_32_BIT_CONVERSION = YES;
				GCC_WARN_ABOUT_RETURN_TYPE = YES_ERROR;
				GCC_WARN_UNDECLARED_SELECTOR = YES;
				GCC_WARN_UNINITIALIZED_AUTOS = YES_AGGRESSIVE;
				GCC_WARN_UNUSED_FUNCTION = YES;
				GCC_WARN_UNUSED_VARIABLE = YES;
				IPHONEOS_DEPLOYMENT_TARGET = 10.2;
				MTL_ENABLE_DEBUG_INFO = NO;
				SDKROOT = iphoneos;
				SWIFT_OPTIMIZATION_LEVEL = "-Owholemodule";
				TARGETED_DEVICE_FAMILY = "1,2";
				VALIDATE_PRODUCT = YES;
			};
			name = Release;
		};
		ACA48DA31F8CB1A50077796C /* Debug */ = {
			isa = XCBuildConfiguration;
			buildSettings = {
				ASSETCATALOG_COMPILER_APPICON_NAME = AppIcon;
				INFOPLIST_FILE = CDBrowser/Info.plist;
				LD_RUNPATH_SEARCH_PATHS = "$(inherited) @executable_path/Frameworks";
				PRODUCT_BUNDLE_IDENTIFIER = nope.CDBrowser;
				PRODUCT_NAME = "$(TARGET_NAME)";
				SWIFT_VERSION = 3.0;
			};
			name = Debug;
		};
		ACA48DA41F8CB1A50077796C /* Release */ = {
			isa = XCBuildConfiguration;
			buildSettings = {
				ASSETCATALOG_COMPILER_APPICON_NAME = AppIcon;
				INFOPLIST_FILE = CDBrowser/Info.plist;
				LD_RUNPATH_SEARCH_PATHS = "$(inherited) @executable_path/Frameworks";
				PRODUCT_BUNDLE_IDENTIFIER = nope.CDBrowser;
				PRODUCT_NAME = "$(TARGET_NAME)";
				SWIFT_VERSION = 3.0;
			};
			name = Release;
		};
/* End XCBuildConfiguration section */

/* Begin XCConfigurationList section */
		ACA48D881F8CB1A40077796C /* Build configuration list for PBXProject "CDBrowser" */ = {
			isa = XCConfigurationList;
			buildConfigurations = (
				ACA48DA01F8CB1A50077796C /* Debug */,
				ACA48DA11F8CB1A50077796C /* Release */,
			);
			defaultConfigurationIsVisible = 0;
			defaultConfigurationName = Release;
		};
		ACA48DA21F8CB1A50077796C /* Build configuration list for PBXNativeTarget "CDBrowser" */ = {
			isa = XCConfigurationList;
			buildConfigurations = (
				ACA48DA31F8CB1A50077796C /* Debug */,
				ACA48DA41F8CB1A50077796C /* Release */,
			);
			defaultConfigurationIsVisible = 0;
			defaultConfigurationName = Release;
		};
/* End XCConfigurationList section */

/* Begin XCVersionGroup section */
		ACA48D971F8CB1A50077796C /* CDBrowser.xcdatamodeld */ = {
			isa = XCVersionGroup;
			children = (
				ACA48D981F8CB1A50077796C /* CDBrowser.xcdatamodel */,
			);
			currentVersion = ACA48D981F8CB1A50077796C /* CDBrowser.xcdatamodel */;
			path = CDBrowser.xcdatamodeld;
			sourceTree = "<group>";
			versionGroupType = wrapper.xcdatamodel;
		};
/* End XCVersionGroup section */
	};
	rootObject = ACA48D851F8CB1A40077796C /* Project object */;
}
